
Microsoft Visual Studio Solution File, Format Version 12.00
# Visual Studio Version 16
VisualStudioVersion = 16.0.28803.352
MinimumVisualStudioVersion = 10.0.40219.1
Project("{FAE04EC0-301F-11D3-BF4B-00C04F79EFBC}") = "01-ByteBank", "01-ByteBank\01-ByteBank.csproj", "{2F0CECD4-E561-4408-9D47-D28CCEBA4E13}"
EndProject
Project("{FAE04EC0-301F-11D3-BF4B-00C04F79EFBC}") = "02-ByteBank", "02-ByteBank\02-ByteBank.csproj", "{3BFBE439-CEB6-4E42-A560-D739DF6B83E4}"
EndProject
Project("{FAE04EC0-301F-11D3-BF4B-00C04F79EFBC}") = "03-ByteBank", "03-ByteBank\03-ByteBank.csproj", "{21BD2299-9D46-43A7-820B-94182BA420E8}"
EndProject
Project("{9A19103F-16F7-4668-BE54-9A1E7A4F7556}") = "04-ByteBank", "04-ByteBank-Metodos\04-ByteBank.csproj", "{C1DB27FB-AB81-4982-98CB-3C3FEF9C7F42}"
EndProject
Project("{FAE04EC0-301F-11D3-BF4B-00C04F79EFBC}") = "05-ByteBank-Propriedades", "05-ByteBank-Propriedades\05-ByteBank-Propriedades.csproj", "{968F6118-B722-4ADF-801E-CBC51FD72263}"
EndProject
Global
	GlobalSection(SolutionConfigurationPlatforms) = preSolution
		Debug|Any CPU = Debug|Any CPU
		Release|Any CPU = Release|Any CPU
	EndGlobalSection
	GlobalSection(ProjectConfigurationPlatforms) = postSolution
		{2F0CECD4-E561-4408-9D47-D28CCEBA4E13}.Debug|Any CPU.ActiveCfg = Debug|Any CPU
		{2F0CECD4-E561-4408-9D47-D28CCEBA4E13}.Debug|Any CPU.Build.0 = Debug|Any CPU
		{2F0CECD4-E561-4408-9D47-D28CCEBA4E13}.Release|Any CPU.ActiveCfg = Release|Any CPU
		{2F0CECD4-E561-4408-9D47-D28CCEBA4E13}.Release|Any CPU.Build.0 = Release|Any CPU
		{3BFBE439-CEB6-4E42-A560-D739DF6B83E4}.Debug|Any CPU.ActiveCfg = Debug|Any CPU
		{3BFBE439-CEB6-4E42-A560-D739DF6B83E4}.Debug|Any CPU.Build.0 = Debug|Any CPU
		{3BFBE439-CEB6-4E42-A560-D739DF6B83E4}.Release|Any CPU.ActiveCfg = Release|Any CPU
		{3BFBE439-CEB6-4E42-A560-D739DF6B83E4}.Release|Any CPU.Build.0 = Release|Any CPU
		{21BD2299-9D46-43A7-820B-94182BA420E8}.Debug|Any CPU.ActiveCfg = Debug|Any CPU
		{21BD2299-9D46-43A7-820B-94182BA420E8}.Debug|Any CPU.Build.0 = Debug|Any CPU
		{21BD2299-9D46-43A7-820B-94182BA420E8}.Release|Any CPU.ActiveCfg = Release|Any CPU
		{21BD2299-9D46-43A7-820B-94182BA420E8}.Release|Any CPU.Build.0 = Release|Any CPU
		{C1DB27FB-AB81-4982-98CB-3C3FEF9C7F42}.Debug|Any CPU.ActiveCfg = Debug|Any CPU
		{C1DB27FB-AB81-4982-98CB-3C3FEF9C7F42}.Debug|Any CPU.Build.0 = Debug|Any CPU
		{C1DB27FB-AB81-4982-98CB-3C3FEF9C7F42}.Release|Any CPU.ActiveCfg = Release|Any CPU
		{C1DB27FB-AB81-4982-98CB-3C3FEF9C7F42}.Release|Any CPU.Build.0 = Release|Any CPU
		{968F6118-B722-4ADF-801E-CBC51FD72263}.Debug|Any CPU.ActiveCfg = Debug|Any CPU
		{968F6118-B722-4ADF-801E-CBC51FD72263}.Debug|Any CPU.Build.0 = Debug|Any CPU
		{968F6118-B722-4ADF-801E-CBC51FD72263}.Release|Any CPU.ActiveCfg = Release|Any CPU
		{968F6118-B722-4ADF-801E-CBC51FD72263}.Release|Any CPU.Build.0 = Release|Any CPU
	EndGlobalSection
	GlobalSection(SolutionProperties) = preSolution
		HideSolutionNode = FALSE
	EndGlobalSection
	GlobalSection(ExtensibilityGlobals) = postSolution
		SolutionGuid = {FD7CF355-DAF1-4CB9-A2B2-31A454B2732B}
	EndGlobalSection
EndGlobal
